
Microsoft Visual Studio Solution File, Format Version 12.00
# Visual Studio Version 16
VisualStudioVersion = 16.0.30320.27
MinimumVisualStudioVersion = 10.0.40219.1
Project("{9A19103F-16F7-4668-BE54-9A1E7A4F7556}") = "TaskDialog", "TaskDialog\TaskDialog.csproj", "{538DB590-B474-45F2-B752-1E200538B4EE}"
EndProject
Project("{FAE04EC0-301F-11D3-BF4B-00C04F79EFBC}") = "TaskDialogSample", "TaskDialogSample\TaskDialogSample.csproj", "{79433054-0529-4B6F-8B62-363001DAE5F1}"
EndProject
Project("{FAE04EC0-301F-11D3-BF4B-00C04F79EFBC}") = "StokIcons", "StokIcons\StokIcons.csproj", "{FCA891B2-5C60-4D04-9E4B-9B717C5E6025}"
EndProject
Project("{2150E333-8FDC-42A3-9474-1A3956D46DE8}") = "ProjectInfos", "ProjectInfos", "{3A1BE056-B116-4DF7-B25F-8B31553E1D23}"
	ProjectSection(SolutionItems) = preProject
		LICENSE = LICENSE
		README.md = README.md
	EndProjectSection
EndProject
Project("{9A19103F-16F7-4668-BE54-9A1E7A4F7556}") = "AsyncHelper", "AsyncHelper\AsyncHelper.csproj", "{99F8047C-9D1B-4310-BF7A-A976DB2F0B47}"
EndProject
Project("{FAE04EC0-301F-11D3-BF4B-00C04F79EFBC}") = "AsyncHelperSample", "AsyncHelperSample\AsyncHelperSample.csproj", "{5D348716-C767-4874-8750-970B1A974AB2}"
	ProjectSection(ProjectDependencies) = postProject
		{91690D82-AFF5-4CC3-9927-24359E3E1EDA} = {91690D82-AFF5-4CC3-9927-24359E3E1EDA}
	EndProjectSection
EndProject
Project("{9A19103F-16F7-4668-BE54-9A1E7A4F7556}") = "AsyncHelper.Forms", "AsyncHelper.Forms\AsyncHelper.Forms.csproj", "{91690D82-AFF5-4CC3-9927-24359E3E1EDA}"
EndProject
Project("{9A19103F-16F7-4668-BE54-9A1E7A4F7556}") = "Gdi32Fonts", "Gdi32Fonts\Gdi32Fonts.csproj", "{47EE6FBE-2F6F-4341-9AC6-738AF1A06895}"
EndProject
Project("{9A19103F-16F7-4668-BE54-9A1E7A4F7556}") = "Gdi32Fonts.Forms", "Gdi32Fonts.Forms\Gdi32Fonts.Forms.csproj", "{F1C05BC5-A30E-478C-AA9F-C26418329426}"
EndProject
Project("{FAE04EC0-301F-11D3-BF4B-00C04F79EFBC}") = "Gdi32FontsSample", "Gdi32FontsSample\Gdi32FontsSample.csproj", "{EE6E7C85-6089-418A-B518-9B5AB424C09A}"
EndProject
Global
	GlobalSection(SolutionConfigurationPlatforms) = preSolution
		Debug|Any CPU = Debug|Any CPU
		Release|Any CPU = Release|Any CPU
	EndGlobalSection
	GlobalSection(ProjectConfigurationPlatforms) = postSolution
		{538DB590-B474-45F2-B752-1E200538B4EE}.Debug|Any CPU.ActiveCfg = Debug|Any CPU
		{538DB590-B474-45F2-B752-1E200538B4EE}.Debug|Any CPU.Build.0 = Debug|Any CPU
		{538DB590-B474-45F2-B752-1E200538B4EE}.Release|Any CPU.ActiveCfg = Release|Any CPU
		{538DB590-B474-45F2-B752-1E200538B4EE}.Release|Any CPU.Build.0 = Release|Any CPU
		{79433054-0529-4B6F-8B62-363001DAE5F1}.Debug|Any CPU.ActiveCfg = Debug|Any CPU
		{79433054-0529-4B6F-8B62-363001DAE5F1}.Debug|Any CPU.Build.0 = Debug|Any CPU
		{79433054-0529-4B6F-8B62-363001DAE5F1}.Release|Any CPU.ActiveCfg = Release|Any CPU
		{79433054-0529-4B6F-8B62-363001DAE5F1}.Release|Any CPU.Build.0 = Release|Any CPU
		{FCA891B2-5C60-4D04-9E4B-9B717C5E6025}.Debug|Any CPU.ActiveCfg = Debug|Any CPU
		{FCA891B2-5C60-4D04-9E4B-9B717C5E6025}.Debug|Any CPU.Build.0 = Debug|Any CPU
		{FCA891B2-5C60-4D04-9E4B-9B717C5E6025}.Release|Any CPU.ActiveCfg = Release|Any CPU
		{FCA891B2-5C60-4D04-9E4B-9B717C5E6025}.Release|Any CPU.Build.0 = Release|Any CPU
		{99F8047C-9D1B-4310-BF7A-A976DB2F0B47}.Debug|Any CPU.ActiveCfg = Debug|Any CPU
		{99F8047C-9D1B-4310-BF7A-A976DB2F0B47}.Debug|Any CPU.Build.0 = Debug|Any CPU
		{99F8047C-9D1B-4310-BF7A-A976DB2F0B47}.Release|Any CPU.ActiveCfg = Release|Any CPU
		{99F8047C-9D1B-4310-BF7A-A976DB2F0B47}.Release|Any CPU.Build.0 = Release|Any CPU
		{5D348716-C767-4874-8750-970B1A974AB2}.Debug|Any CPU.ActiveCfg = Debug|Any CPU
		{5D348716-C767-4874-8750-970B1A974AB2}.Debug|Any CPU.Build.0 = Debug|Any CPU
		{5D348716-C767-4874-8750-970B1A974AB2}.Release|Any CPU.ActiveCfg = Release|Any CPU
		{5D348716-C767-4874-8750-970B1A974AB2}.Release|Any CPU.Build.0 = Release|Any CPU
		{91690D82-AFF5-4CC3-9927-24359E3E1EDA}.Debug|Any CPU.ActiveCfg = Debug|Any CPU
		{91690D82-AFF5-4CC3-9927-24359E3E1EDA}.Debug|Any CPU.Build.0 = Debug|Any CPU
		{91690D82-AFF5-4CC3-9927-24359E3E1EDA}.Release|Any CPU.ActiveCfg = Release|Any CPU
		{91690D82-AFF5-4CC3-9927-24359E3E1EDA}.Release|Any CPU.Build.0 = Release|Any CPU
		{47EE6FBE-2F6F-4341-9AC6-738AF1A06895}.Debug|Any CPU.ActiveCfg = Debug|Any CPU
		{47EE6FBE-2F6F-4341-9AC6-738AF1A06895}.Debug|Any CPU.Build.0 = Debug|Any CPU
		{47EE6FBE-2F6F-4341-9AC6-738AF1A06895}.Release|Any CPU.ActiveCfg = Release|Any CPU
		{47EE6FBE-2F6F-4341-9AC6-738AF1A06895}.Release|Any CPU.Build.0 = Release|Any CPU
		{F1C05BC5-A30E-478C-AA9F-C26418329426}.Debug|Any CPU.ActiveCfg = Debug|Any CPU
		{F1C05BC5-A30E-478C-AA9F-C26418329426}.Debug|Any CPU.Build.0 = Debug|Any CPU
		{F1C05BC5-A30E-478C-AA9F-C26418329426}.Release|Any CPU.ActiveCfg = Release|Any CPU
		{F1C05BC5-A30E-478C-AA9F-C26418329426}.Release|Any CPU.Build.0 = Release|Any CPU
		{EE6E7C85-6089-418A-B518-9B5AB424C09A}.Debug|Any CPU.ActiveCfg = Debug|Any CPU
		{EE6E7C85-6089-418A-B518-9B5AB424C09A}.Debug|Any CPU.Build.0 = Debug|Any CPU
		{EE6E7C85-6089-418A-B518-9B5AB424C09A}.Release|Any CPU.ActiveCfg = Release|Any CPU
		{EE6E7C85-6089-418A-B518-9B5AB424C09A}.Release|Any CPU.Build.0 = Release|Any CPU
	EndGlobalSection
	GlobalSection(SolutionProperties) = preSolution
		HideSolutionNode = FALSE
	EndGlobalSection
	GlobalSection(ExtensibilityGlobals) = postSolution
		SolutionGuid = {B34C5E9C-D1EB-43A4-8281-8CC522D2A5D6}
	EndGlobalSection
EndGlobal
